
Microsoft Visual Studio Solution File, Format Version 12.00
# Visual Studio 15
Project("{FAE04EC0-301F-11D3-BF4B-00C04F79EFBC}") = "Assembly-CSharp", "Assembly-CSharp.csproj", "{7A5FD491-BA65-C406-A9CD-752EB11098C9}"
EndProject
Project("{FAE04EC0-301F-11D3-BF4B-00C04F79EFBC}") = "Assembly-CSharp-Editor", "Assembly-CSharp-Editor.csproj", "{94CE9776-0D20-7BBD-9373-466228A190E7}"
EndProject
Global
	GlobalSection(SolutionConfigurationPlatforms) = preSolution
		Debug|Any CPU = Debug|Any CPU
		Release|Any CPU = Release|Any CPU
	EndGlobalSection
	GlobalSection(ProjectConfigurationPlatforms) = postSolution
		{7A5FD491-BA65-C406-A9CD-752EB11098C9}.Debug|Any CPU.ActiveCfg = Debug|Any CPU
		{7A5FD491-BA65-C406-A9CD-752EB11098C9}.Debug|Any CPU.Build.0 = Debug|Any CPU
		{7A5FD491-BA65-C406-A9CD-752EB11098C9}.Release|Any CPU.ActiveCfg = Release|Any CPU
		{7A5FD491-BA65-C406-A9CD-752EB11098C9}.Release|Any CPU.Build.0 = Release|Any CPU
		{94CE9776-0D20-7BBD-9373-466228A190E7}.Debug|Any CPU.ActiveCfg = Debug|Any CPU
		{94CE9776-0D20-7BBD-9373-466228A190E7}.Debug|Any CPU.Build.0 = Debug|Any CPU
		{94CE9776-0D20-7BBD-9373-466228A190E7}.Release|Any CPU.ActiveCfg = Release|Any CPU
		{94CE9776-0D20-7BBD-9373-466228A190E7}.Release|Any CPU.Build.0 = Release|Any CPU
	EndGlobalSection
	GlobalSection(SolutionProperties) = preSolution
		HideSolutionNode = FALSE
	EndGlobalSection
EndGlobal
